// !$*UTF8*$!
{
	archiveVersion = 1;
	classes = {
	};
	objectVersion = 56;
	objects = {

/* Begin PBXBuildFile section */
		650FDA342B7E1F79005DBB67 /* CobaMainApp.swift in Sources */ = {isa = PBXBuildFile; fileRef = 650FDA332B7E1F79005DBB67 /* CobaMainApp.swift */; };
		650FDA362B7E2421005DBB67 /* CobaView.swift in Sources */ = {isa = PBXBuildFile; fileRef = 650FDA352B7E2421005DBB67 /* CobaView.swift */; };
		650FDA382B7EA4C3005DBB67 /* Components.swift in Sources */ = {isa = PBXBuildFile; fileRef = 650FDA372B7EA4C3005DBB67 /* Components.swift */; };
		650FDA3A2B7EB005005DBB67 /* MyARContainerView.swift in Sources */ = {isa = PBXBuildFile; fileRef = 650FDA392B7EB005005DBB67 /* MyARContainerView.swift */; };
		651498CE2B813D9600F0E70D /* CartaladaApp.swift in Sources */ = {isa = PBXBuildFile; fileRef = 651498CD2B813D9600F0E70D /* CartaladaApp.swift */; };
		651498D22B813DCD00F0E70D /* MainAppView.swift in Sources */ = {isa = PBXBuildFile; fileRef = 651498D12B813DCD00F0E70D /* MainAppView.swift */; };
		651498D52B813E7800F0E70D /* AppViewModel.swift in Sources */ = {isa = PBXBuildFile; fileRef = 651498D42B813E7800F0E70D /* AppViewModel.swift */; };
		651498D92B81612900F0E70D /* ChoosePaper.swift in Sources */ = {isa = PBXBuildFile; fileRef = 651498D82B81612900F0E70D /* ChoosePaper.swift */; };
		655674932B820BDC00B6CD4D /* Utils.swift in Sources */ = {isa = PBXBuildFile; fileRef = 655674922B820BDC00B6CD4D /* Utils.swift */; };
		655674952B82190C00B6CD4D /* PostedPaper.swift in Sources */ = {isa = PBXBuildFile; fileRef = 655674942B82190C00B6CD4D /* PostedPaper.swift */; };
		655947942A1ED32100D71942 /* AppColor.swift in Sources */ = {isa = PBXBuildFile; fileRef = 655947932A1ED32100D71942 /* AppColor.swift */; };
		655947962A1ED45800D71942 /* PaperViewModel.swift in Sources */ = {isa = PBXBuildFile; fileRef = 655947952A1ED45800D71942 /* PaperViewModel.swift */; };
		655947982A1ED76500D71942 /* OnboardingView.swift in Sources */ = {isa = PBXBuildFile; fileRef = 655947972A1ED76500D71942 /* OnboardingView.swift */; };
		656CEAAE2A1FCDAE007E4166 /* Paper.swift in Sources */ = {isa = PBXBuildFile; fileRef = 656CEAAD2A1FCDAE007E4166 /* Paper.swift */; };
		656CEAB12A1FD166007E4166 /* SelectPaperView.swift in Sources */ = {isa = PBXBuildFile; fileRef = 656CEAB02A1FD166007E4166 /* SelectPaperView.swift */; };
		656CEAB32A1FD99E007E4166 /* PaperView.swift in Sources */ = {isa = PBXBuildFile; fileRef = 656CEAB22A1FD99E007E4166 /* PaperView.swift */; };
		656CEAC72A1FFF26007E4166 /* ARViewContainer.swift in Sources */ = {isa = PBXBuildFile; fileRef = 656CEAC62A1FFF26007E4166 /* ARViewContainer.swift */; };
		656CEACF2A200431007E4166 /* planegreen.usdz in Resources */ = {isa = PBXBuildFile; fileRef = 656CEAC82A200431007E4166 /* planegreen.usdz */; };
		656CEAD02A200431007E4166 /* planeyellow.usdz in Resources */ = {isa = PBXBuildFile; fileRef = 656CEAC92A200431007E4166 /* planeyellow.usdz */; };
		656CEAD12A200431007E4166 /* planelightblue.usdz in Resources */ = {isa = PBXBuildFile; fileRef = 656CEACA2A200431007E4166 /* planelightblue.usdz */; };
		656CEAD22A200431007E4166 /* planepink.usdz in Resources */ = {isa = PBXBuildFile; fileRef = 656CEACB2A200431007E4166 /* planepink.usdz */; };
		656CEAD32A200431007E4166 /* planelightgreen.usdz in Resources */ = {isa = PBXBuildFile; fileRef = 656CEACC2A200431007E4166 /* planelightgreen.usdz */; };
		656CEAD42A200431007E4166 /* planeblue.usdz in Resources */ = {isa = PBXBuildFile; fileRef = 656CEACD2A200431007E4166 /* planeblue.usdz */; };
		656CEAD52A200431007E4166 /* planedefault.usdz in Resources */ = {isa = PBXBuildFile; fileRef = 656CEACE2A200431007E4166 /* planedefault.usdz */; };
		656CEAD72A200A94007E4166 /* CustomEntity.swift in Sources */ = {isa = PBXBuildFile; fileRef = 656CEAD62A200A94007E4166 /* CustomEntity.swift */; };
		6577377D2A1AA57900B7A99E /* ContentView.swift in Sources */ = {isa = PBXBuildFile; fileRef = 6577377C2A1AA57900B7A99E /* ContentView.swift */; };
		657737812A1AA57A00B7A99E /* Assets.xcassets in Resources */ = {isa = PBXBuildFile; fileRef = 657737802A1AA57A00B7A99E /* Assets.xcassets */; };
		657737842A1AA57A00B7A99E /* Preview Assets.xcassets in Resources */ = {isa = PBXBuildFile; fileRef = 657737832A1AA57A00B7A99E /* Preview Assets.xcassets */; };
		65BBD0CB2A1BEC2400C7A204 /* ControlView.swift in Sources */ = {isa = PBXBuildFile; fileRef = 65BBD0CA2A1BEC2400C7A204 /* ControlView.swift */; };
/* End PBXBuildFile section */

/* Begin PBXFileReference section */
		650FDA332B7E1F79005DBB67 /* CobaMainApp.swift */ = {isa = PBXFileReference; lastKnownFileType = sourcecode.swift; path = CobaMainApp.swift; sourceTree = "<group>"; };
		650FDA352B7E2421005DBB67 /* CobaView.swift */ = {isa = PBXFileReference; lastKnownFileType = sourcecode.swift; path = CobaView.swift; sourceTree = "<group>"; };
		650FDA372B7EA4C3005DBB67 /* Components.swift */ = {isa = PBXFileReference; lastKnownFileType = sourcecode.swift; path = Components.swift; sourceTree = "<group>"; };
		650FDA392B7EB005005DBB67 /* MyARContainerView.swift */ = {isa = PBXFileReference; lastKnownFileType = sourcecode.swift; path = MyARContainerView.swift; sourceTree = "<group>"; };
		651498CD2B813D9600F0E70D /* CartaladaApp.swift */ = {isa = PBXFileReference; lastKnownFileType = sourcecode.swift; path = CartaladaApp.swift; sourceTree = "<group>"; };
		651498D12B813DCD00F0E70D /* MainAppView.swift */ = {isa = PBXFileReference; lastKnownFileType = sourcecode.swift; path = MainAppView.swift; sourceTree = "<group>"; };
		651498D42B813E7800F0E70D /* AppViewModel.swift */ = {isa = PBXFileReference; lastKnownFileType = sourcecode.swift; path = AppViewModel.swift; sourceTree = "<group>"; };
		651498D82B81612900F0E70D /* ChoosePaper.swift */ = {isa = PBXFileReference; lastKnownFileType = sourcecode.swift; path = ChoosePaper.swift; sourceTree = "<group>"; };
		655674922B820BDC00B6CD4D /* Utils.swift */ = {isa = PBXFileReference; lastKnownFileType = sourcecode.swift; path = Utils.swift; sourceTree = "<group>"; };
		655674942B82190C00B6CD4D /* PostedPaper.swift */ = {isa = PBXFileReference; lastKnownFileType = sourcecode.swift; path = PostedPaper.swift; sourceTree = "<group>"; };
		655947932A1ED32100D71942 /* AppColor.swift */ = {isa = PBXFileReference; lastKnownFileType = sourcecode.swift; path = AppColor.swift; sourceTree = "<group>"; };
		655947952A1ED45800D71942 /* PaperViewModel.swift */ = {isa = PBXFileReference; lastKnownFileType = sourcecode.swift; path = PaperViewModel.swift; sourceTree = "<group>"; };
		655947972A1ED76500D71942 /* OnboardingView.swift */ = {isa = PBXFileReference; lastKnownFileType = sourcecode.swift; path = OnboardingView.swift; sourceTree = "<group>"; };
		656CEAAD2A1FCDAE007E4166 /* Paper.swift */ = {isa = PBXFileReference; lastKnownFileType = sourcecode.swift; path = Paper.swift; sourceTree = "<group>"; };
		656CEAB02A1FD166007E4166 /* SelectPaperView.swift */ = {isa = PBXFileReference; lastKnownFileType = sourcecode.swift; path = SelectPaperView.swift; sourceTree = "<group>"; };
		656CEAB22A1FD99E007E4166 /* PaperView.swift */ = {isa = PBXFileReference; lastKnownFileType = sourcecode.swift; path = PaperView.swift; sourceTree = "<group>"; };
		656CEAC62A1FFF26007E4166 /* ARViewContainer.swift */ = {isa = PBXFileReference; lastKnownFileType = sourcecode.swift; path = ARViewContainer.swift; sourceTree = "<group>"; };
		656CEAC82A200431007E4166 /* planegreen.usdz */ = {isa = PBXFileReference; lastKnownFileType = file.usdz; name = planegreen.usdz; path = ../../Pesawat3d/planegreen.usdz; sourceTree = "<group>"; };
		656CEAC92A200431007E4166 /* planeyellow.usdz */ = {isa = PBXFileReference; lastKnownFileType = file.usdz; name = planeyellow.usdz; path = ../../Pesawat3d/planeyellow.usdz; sourceTree = "<group>"; };
		656CEACA2A200431007E4166 /* planelightblue.usdz */ = {isa = PBXFileReference; lastKnownFileType = file.usdz; name = planelightblue.usdz; path = ../../Pesawat3d/planelightblue.usdz; sourceTree = "<group>"; };
		656CEACB2A200431007E4166 /* planepink.usdz */ = {isa = PBXFileReference; lastKnownFileType = file.usdz; name = planepink.usdz; path = ../../Pesawat3d/planepink.usdz; sourceTree = "<group>"; };
		656CEACC2A200431007E4166 /* planelightgreen.usdz */ = {isa = PBXFileReference; lastKnownFileType = file.usdz; name = planelightgreen.usdz; path = ../../Pesawat3d/planelightgreen.usdz; sourceTree = "<group>"; };
		656CEACD2A200431007E4166 /* planeblue.usdz */ = {isa = PBXFileReference; lastKnownFileType = file.usdz; name = planeblue.usdz; path = ../../Pesawat3d/planeblue.usdz; sourceTree = "<group>"; };
		656CEACE2A200431007E4166 /* planedefault.usdz */ = {isa = PBXFileReference; lastKnownFileType = file.usdz; name = planedefault.usdz; path = ../../Pesawat3d/planedefault.usdz; sourceTree = "<group>"; };
		656CEAD62A200A94007E4166 /* CustomEntity.swift */ = {isa = PBXFileReference; lastKnownFileType = sourcecode.swift; path = CustomEntity.swift; sourceTree = "<group>"; };
		657737772A1AA57900B7A99E /* Cartalada AR.app */ = {isa = PBXFileReference; explicitFileType = wrapper.application; includeInIndex = 0; path = "Cartalada AR.app"; sourceTree = BUILT_PRODUCTS_DIR; };
		6577377C2A1AA57900B7A99E /* ContentView.swift */ = {isa = PBXFileReference; lastKnownFileType = sourcecode.swift; path = ContentView.swift; sourceTree = "<group>"; };
		657737802A1AA57A00B7A99E /* Assets.xcassets */ = {isa = PBXFileReference; lastKnownFileType = folder.assetcatalog; path = Assets.xcassets; sourceTree = "<group>"; };
		657737832A1AA57A00B7A99E /* Preview Assets.xcassets */ = {isa = PBXFileReference; lastKnownFileType = folder.assetcatalog; path = "Preview Assets.xcassets"; sourceTree = "<group>"; };
		65BBD0CA2A1BEC2400C7A204 /* ControlView.swift */ = {isa = PBXFileReference; lastKnownFileType = sourcecode.swift; path = ControlView.swift; sourceTree = "<group>"; };
/* End PBXFileReference section */

/* Begin PBXFrameworksBuildPhase section */
		657737742A1AA57900B7A99E /* Frameworks */ = {
			isa = PBXFrameworksBuildPhase;
			buildActionMask = 2147483647;
			files = (
			);
			runOnlyForDeploymentPostprocessing = 0;
		};
/* End PBXFrameworksBuildPhase section */

/* Begin PBXGroup section */
		651498CC2B80BE2C00F0E70D /* Experiments */ = {
			isa = PBXGroup;
			children = (
				650FDA352B7E2421005DBB67 /* CobaView.swift */,
			);
			path = Experiments;
			sourceTree = "<group>";
		};
		651498CF2B813DB400F0E70D /* __main */ = {
			isa = PBXGroup;
			children = (
				651498CD2B813D9600F0E70D /* CartaladaApp.swift */,
				651498D12B813DCD00F0E70D /* MainAppView.swift */,
				656CEAB02A1FD166007E4166 /* SelectPaperView.swift */,
				656CEAB22A1FD99E007E4166 /* PaperView.swift */,
				651498D32B813E6E00F0E70D /* ViewModel */,
				651498D72B81610900F0E70D /* Model */,
			);
			path = __main;
			sourceTree = "<group>";
		};
		651498D32B813E6E00F0E70D /* ViewModel */ = {
			isa = PBXGroup;
			children = (
				651498D42B813E7800F0E70D /* AppViewModel.swift */,
			);
			path = ViewModel;
			sourceTree = "<group>";
		};
		651498D72B81610900F0E70D /* Model */ = {
			isa = PBXGroup;
			children = (
				651498D82B81612900F0E70D /* ChoosePaper.swift */,
				655674922B820BDC00B6CD4D /* Utils.swift */,
				655674942B82190C00B6CD4D /* PostedPaper.swift */,
			);
			path = Model;
			sourceTree = "<group>";
		};
		656CEAAC2A1FCD91007E4166 /* Model */ = {
			isa = PBXGroup;
			children = (
				656CEAAD2A1FCDAE007E4166 /* Paper.swift */,
			);
			path = Model;
			sourceTree = "<group>";
		};
		656CEAAF2A1FCFD3007E4166 /* ViewModel */ = {
			isa = PBXGroup;
			children = (
				655947952A1ED45800D71942 /* PaperViewModel.swift */,
			);
			path = ViewModel;
			sourceTree = "<group>";
		};
		6577376E2A1AA57900B7A99E = {
			isa = PBXGroup;
			children = (
				657737792A1AA57900B7A99E /* BelajarSceneKit */,
				657737782A1AA57900B7A99E /* Products */,
			);
			sourceTree = "<group>";
		};
		657737782A1AA57900B7A99E /* Products */ = {
			isa = PBXGroup;
			children = (
				657737772A1AA57900B7A99E /* Cartalada AR.app */,
			);
			name = Products;
			sourceTree = "<group>";
		};
		657737792A1AA57900B7A99E /* BelajarSceneKit */ = {
			isa = PBXGroup;
			children = (
				651498CF2B813DB400F0E70D /* __main */,
				6577377C2A1AA57900B7A99E /* ContentView.swift */,
				656CEAD62A200A94007E4166 /* CustomEntity.swift */,
				656CEAC62A1FFF26007E4166 /* ARViewContainer.swift */,
				656CEAAF2A1FCFD3007E4166 /* ViewModel */,
				656CEAAC2A1FCD91007E4166 /* Model */,
				65BBD0C92A1BEC1700C7A204 /* View */,
				656CEACD2A200431007E4166 /* planeblue.usdz */,
				656CEACE2A200431007E4166 /* planedefault.usdz */,
				656CEAC82A200431007E4166 /* planegreen.usdz */,
				656CEACA2A200431007E4166 /* planelightblue.usdz */,
				656CEACC2A200431007E4166 /* planelightgreen.usdz */,
				656CEACB2A200431007E4166 /* planepink.usdz */,
				656CEAC92A200431007E4166 /* planeyellow.usdz */,
				657737802A1AA57A00B7A99E /* Assets.xcassets */,
				657737822A1AA57A00B7A99E /* Preview Content */,
				650FDA332B7E1F79005DBB67 /* CobaMainApp.swift */,
				650FDA372B7EA4C3005DBB67 /* Components.swift */,
				650FDA392B7EB005005DBB67 /* MyARContainerView.swift */,
				651498CC2B80BE2C00F0E70D /* Experiments */,
			);
			path = BelajarSceneKit;
			sourceTree = "<group>";
		};
		657737822A1AA57A00B7A99E /* Preview Content */ = {
			isa = PBXGroup;
			children = (
				657737832A1AA57A00B7A99E /* Preview Assets.xcassets */,
			);
			path = "Preview Content";
			sourceTree = "<group>";
		};
		65BBD0C92A1BEC1700C7A204 /* View */ = {
			isa = PBXGroup;
			children = (
				655947972A1ED76500D71942 /* OnboardingView.swift */,
				655947932A1ED32100D71942 /* AppColor.swift */,
				65BBD0CA2A1BEC2400C7A204 /* ControlView.swift */,
			);
			path = View;
			sourceTree = "<group>";
		};
/* End PBXGroup section */

/* Begin PBXNativeTarget section */
		657737762A1AA57900B7A99E /* BelajarSceneKit */ = {
			isa = PBXNativeTarget;
			buildConfigurationList = 657737872A1AA57A00B7A99E /* Build configuration list for PBXNativeTarget "BelajarSceneKit" */;
			buildPhases = (
				657737732A1AA57900B7A99E /* Sources */,
				657737742A1AA57900B7A99E /* Frameworks */,
				657737752A1AA57900B7A99E /* Resources */,
			);
			buildRules = (
			);
			dependencies = (
			);
			name = BelajarSceneKit;
			productName = BelajarSceneKit;
			productReference = 657737772A1AA57900B7A99E /* Cartalada AR.app */;
			productType = "com.apple.product-type.application";
		};
/* End PBXNativeTarget section */

/* Begin PBXProject section */
		6577376F2A1AA57900B7A99E /* Project object */ = {
			isa = PBXProject;
			attributes = {
				BuildIndependentTargetsInParallel = 1;
				LastSwiftUpdateCheck = 1430;
				LastUpgradeCheck = 1430;
				TargetAttributes = {
					657737762A1AA57900B7A99E = {
						CreatedOnToolsVersion = 14.3;
					};
				};
			};
			buildConfigurationList = 657737722A1AA57900B7A99E /* Build configuration list for PBXProject "BelajarSceneKit" */;
			compatibilityVersion = "Xcode 14.0";
			developmentRegion = en;
			hasScannedForEncodings = 0;
			knownRegions = (
				en,
				Base,
			);
			mainGroup = 6577376E2A1AA57900B7A99E;
			productRefGroup = 657737782A1AA57900B7A99E /* Products */;
			projectDirPath = "";
			projectRoot = "";
			targets = (
				657737762A1AA57900B7A99E /* BelajarSceneKit */,
			);
		};
/* End PBXProject section */

/* Begin PBXResourcesBuildPhase section */
		657737752A1AA57900B7A99E /* Resources */ = {
			isa = PBXResourcesBuildPhase;
			buildActionMask = 2147483647;
			files = (
				656CEACF2A200431007E4166 /* planegreen.usdz in Resources */,
				656CEAD42A200431007E4166 /* planeblue.usdz in Resources */,
				656CEAD32A200431007E4166 /* planelightgreen.usdz in Resources */,
				656CEAD02A200431007E4166 /* planeyellow.usdz in Resources */,
				656CEAD52A200431007E4166 /* planedefault.usdz in Resources */,
				656CEAD22A200431007E4166 /* planepink.usdz in Resources */,
				657737842A1AA57A00B7A99E /* Preview Assets.xcassets in Resources */,
				656CEAD12A200431007E4166 /* planelightblue.usdz in Resources */,
				657737812A1AA57A00B7A99E /* Assets.xcassets in Resources */,
			);
			runOnlyForDeploymentPostprocessing = 0;
		};
/* End PBXResourcesBuildPhase section */

/* Begin PBXSourcesBuildPhase section */
		657737732A1AA57900B7A99E /* Sources */ = {
			isa = PBXSourcesBuildPhase;
			buildActionMask = 2147483647;
			files = (
				65BBD0CB2A1BEC2400C7A204 /* ControlView.swift in Sources */,
				6577377D2A1AA57900B7A99E /* ContentView.swift in Sources */,
				656CEAB12A1FD166007E4166 /* SelectPaperView.swift in Sources */,
				656CEAD72A200A94007E4166 /* CustomEntity.swift in Sources */,
				651498CE2B813D9600F0E70D /* CartaladaApp.swift in Sources */,
				656CEAC72A1FFF26007E4166 /* ARViewContainer.swift in Sources */,
				650FDA382B7EA4C3005DBB67 /* Components.swift in Sources */,
				655674952B82190C00B6CD4D /* PostedPaper.swift in Sources */,
				651498D52B813E7800F0E70D /* AppViewModel.swift in Sources */,
				656CEAAE2A1FCDAE007E4166 /* Paper.swift in Sources */,
				650FDA342B7E1F79005DBB67 /* CobaMainApp.swift in Sources */,
				650FDA3A2B7EB005005DBB67 /* MyARContainerView.swift in Sources */,
				656CEAB32A1FD99E007E4166 /* PaperView.swift in Sources */,
				650FDA362B7E2421005DBB67 /* CobaView.swift in Sources */,
				651498D92B81612900F0E70D /* ChoosePaper.swift in Sources */,
				655947942A1ED32100D71942 /* AppColor.swift in Sources */,
				651498D22B813DCD00F0E70D /* MainAppView.swift in Sources */,
				655947962A1ED45800D71942 /* PaperViewModel.swift in Sources */,
				655674932B820BDC00B6CD4D /* Utils.swift in Sources */,
				655947982A1ED76500D71942 /* OnboardingView.swift in Sources */,
			);
			runOnlyForDeploymentPostprocessing = 0;
		};
/* End PBXSourcesBuildPhase section */

/* Begin XCBuildConfiguration section */
		657737852A1AA57A00B7A99E /* Debug */ = {
			isa = XCBuildConfiguration;
			buildSettings = {
				ALWAYS_SEARCH_USER_PATHS = NO;
				CLANG_ANALYZER_NONNULL = YES;
				CLANG_ANALYZER_NUMBER_OBJECT_CONVERSION = YES_AGGRESSIVE;
				CLANG_CXX_LANGUAGE_STANDARD = "gnu++20";
				CLANG_ENABLE_MODULES = YES;
				CLANG_ENABLE_OBJC_ARC = YES;
				CLANG_ENABLE_OBJC_WEAK = YES;
				CLANG_WARN_BLOCK_CAPTURE_AUTORELEASING = YES;
				CLANG_WARN_BOOL_CONVERSION = YES;
				CLANG_WARN_COMMA = YES;
				CLANG_WARN_CONSTANT_CONVERSION = YES;
				CLANG_WARN_DEPRECATED_OBJC_IMPLEMENTATIONS = YES;
				CLANG_WARN_DIRECT_OBJC_ISA_USAGE = YES_ERROR;
				CLANG_WARN_DOCUMENTATION_COMMENTS = YES;
				CLANG_WARN_EMPTY_BODY = YES;
				CLANG_WARN_ENUM_CONVERSION = YES;
				CLANG_WARN_INFINITE_RECURSION = YES;
				CLANG_WARN_INT_CONVERSION = YES;
				CLANG_WARN_NON_LITERAL_NULL_CONVERSION = YES;
				CLANG_WARN_OBJC_IMPLICIT_RETAIN_SELF = YES;
				CLANG_WARN_OBJC_LITERAL_CONVERSION = YES;
				CLANG_WARN_OBJC_ROOT_CLASS = YES_ERROR;
				CLANG_WARN_QUOTED_INCLUDE_IN_FRAMEWORK_HEADER = YES;
				CLANG_WARN_RANGE_LOOP_ANALYSIS = YES;
				CLANG_WARN_STRICT_PROTOTYPES = YES;
				CLANG_WARN_SUSPICIOUS_MOVE = YES;
				CLANG_WARN_UNGUARDED_AVAILABILITY = YES_AGGRESSIVE;
				CLANG_WARN_UNREACHABLE_CODE = YES;
				CLANG_WARN__DUPLICATE_METHOD_MATCH = YES;
				COPY_PHASE_STRIP = NO;
				DEBUG_INFORMATION_FORMAT = dwarf;
				ENABLE_STRICT_OBJC_MSGSEND = YES;
				ENABLE_TESTABILITY = YES;
				GCC_C_LANGUAGE_STANDARD = gnu11;
				GCC_DYNAMIC_NO_PIC = NO;
				GCC_NO_COMMON_BLOCKS = YES;
				GCC_OPTIMIZATION_LEVEL = 0;
				GCC_PREPROCESSOR_DEFINITIONS = (
					"DEBUG=1",
					"$(inherited)",
				);
				GCC_WARN_64_TO_32_BIT_CONVERSION = YES;
				GCC_WARN_ABOUT_RETURN_TYPE = YES_ERROR;
				GCC_WARN_UNDECLARED_SELECTOR = YES;
				GCC_WARN_UNINITIALIZED_AUTOS = YES_AGGRESSIVE;
				GCC_WARN_UNUSED_FUNCTION = YES;
				GCC_WARN_UNUSED_VARIABLE = YES;
				IPHONEOS_DEPLOYMENT_TARGET = 16.4;
				MTL_ENABLE_DEBUG_INFO = INCLUDE_SOURCE;
				MTL_FAST_MATH = YES;
				ONLY_ACTIVE_ARCH = YES;
				PRODUCT_NAME = "Cartalada AR";
				SDKROOT = iphoneos;
				SWIFT_ACTIVE_COMPILATION_CONDITIONS = DEBUG;
				SWIFT_OPTIMIZATION_LEVEL = "-Onone";
			};
			name = Debug;
		};
		657737862A1AA57A00B7A99E /* Release */ = {
			isa = XCBuildConfiguration;
			buildSettings = {
				ALWAYS_SEARCH_USER_PATHS = NO;
				CLANG_ANALYZER_NONNULL = YES;
				CLANG_ANALYZER_NUMBER_OBJECT_CONVERSION = YES_AGGRESSIVE;
				CLANG_CXX_LANGUAGE_STANDARD = "gnu++20";
				CLANG_ENABLE_MODULES = YES;
				CLANG_ENABLE_OBJC_ARC = YES;
				CLANG_ENABLE_OBJC_WEAK = YES;
				CLANG_WARN_BLOCK_CAPTURE_AUTORELEASING = YES;
				CLANG_WARN_BOOL_CONVERSION = YES;
				CLANG_WARN_COMMA = YES;
				CLANG_WARN_CONSTANT_CONVERSION = YES;
				CLANG_WARN_DEPRECATED_OBJC_IMPLEMENTATIONS = YES;
				CLANG_WARN_DIRECT_OBJC_ISA_USAGE = YES_ERROR;
				CLANG_WARN_DOCUMENTATION_COMMENTS = YES;
				CLANG_WARN_EMPTY_BODY = YES;
				CLANG_WARN_ENUM_CONVERSION = YES;
				CLANG_WARN_INFINITE_RECURSION = YES;
				CLANG_WARN_INT_CONVERSION = YES;
				CLANG_WARN_NON_LITERAL_NULL_CONVERSION = YES;
				CLANG_WARN_OBJC_IMPLICIT_RETAIN_SELF = YES;
				CLANG_WARN_OBJC_LITERAL_CONVERSION = YES;
				CLANG_WARN_OBJC_ROOT_CLASS = YES_ERROR;
				CLANG_WARN_QUOTED_INCLUDE_IN_FRAMEWORK_HEADER = YES;
				CLANG_WARN_RANGE_LOOP_ANALYSIS = YES;
				CLANG_WARN_STRICT_PROTOTYPES = YES;
				CLANG_WARN_SUSPICIOUS_MOVE = YES;
				CLANG_WARN_UNGUARDED_AVAILABILITY = YES_AGGRESSIVE;
				CLANG_WARN_UNREACHABLE_CODE = YES;
				CLANG_WARN__DUPLICATE_METHOD_MATCH = YES;
				COPY_PHASE_STRIP = NO;
				DEBUG_INFORMATION_FORMAT = "dwarf-with-dsym";
				ENABLE_NS_ASSERTIONS = NO;
				ENABLE_STRICT_OBJC_MSGSEND = YES;
				GCC_C_LANGUAGE_STANDARD = gnu11;
				GCC_NO_COMMON_BLOCKS = YES;
				GCC_WARN_64_TO_32_BIT_CONVERSION = YES;
				GCC_WARN_ABOUT_RETURN_TYPE = YES_ERROR;
				GCC_WARN_UNDECLARED_SELECTOR = YES;
				GCC_WARN_UNINITIALIZED_AUTOS = YES_AGGRESSIVE;
				GCC_WARN_UNUSED_FUNCTION = YES;
				GCC_WARN_UNUSED_VARIABLE = YES;
				IPHONEOS_DEPLOYMENT_TARGET = 16.4;
				MTL_ENABLE_DEBUG_INFO = NO;
				MTL_FAST_MATH = YES;
				PRODUCT_NAME = "Cartalada AR";
				SDKROOT = iphoneos;
				SWIFT_COMPILATION_MODE = wholemodule;
				SWIFT_OPTIMIZATION_LEVEL = "-O";
				VALIDATE_PRODUCT = YES;
			};
			name = Release;
		};
		657737882A1AA57A00B7A99E /* Debug */ = {
			isa = XCBuildConfiguration;
			buildSettings = {
				ASSETCATALOG_COMPILER_APPICON_NAME = AppIcon;
				ASSETCATALOG_COMPILER_GLOBAL_ACCENT_COLOR_NAME = AccentColor;
				CODE_SIGN_STYLE = Automatic;
				CURRENT_PROJECT_VERSION = 1;
				DEVELOPMENT_ASSET_PATHS = "\"BelajarSceneKit/Preview Content\"";
				DEVELOPMENT_TEAM = 4JFN55H5ZN;
				ENABLE_PREVIEWS = YES;
				GENERATE_INFOPLIST_FILE = YES;
				INFOPLIST_KEY_CFBundleDisplayName = "Cartalada AR";
				INFOPLIST_KEY_NSCameraUsageDescription = "Need camera access for AR experience";
				INFOPLIST_KEY_UIApplicationSupportsIndirectInputEvents = YES;
				INFOPLIST_KEY_UILaunchScreen_Generation = YES;
				INFOPLIST_KEY_UIRequiredDeviceCapabilities = arkit;
				INFOPLIST_KEY_UIStatusBarHidden = YES;
				INFOPLIST_KEY_UISupportedInterfaceOrientations = UIInterfaceOrientationPortrait;
				INFOPLIST_KEY_UISupportedInterfaceOrientations_iPad = "UIInterfaceOrientationLandscapeLeft UIInterfaceOrientationLandscapeRight UIInterfaceOrientationPortrait UIInterfaceOrientationPortraitUpsideDown";
				LD_RUNPATH_SEARCH_PATHS = (
					"$(inherited)",
					"@executable_path/Frameworks",
				);
				MARKETING_VERSION = 1.0;
				PRODUCT_BUNDLE_IDENTIFIER = com.danielniels.BelajarSceneKit;
				PRODUCT_NAME = "Cartalada AR";
				SWIFT_EMIT_LOC_STRINGS = YES;
				SWIFT_VERSION = 5.0;
				TARGETED_DEVICE_FAMILY = "1,2";
			};
			name = Debug;
		};
		657737892A1AA57A00B7A99E /* Release */ = {
			isa = XCBuildConfiguration;
			buildSettings = {
				ASSETCATALOG_COMPILER_APPICON_NAME = AppIcon;
				ASSETCATALOG_COMPILER_GLOBAL_ACCENT_COLOR_NAME = AccentColor;
				CODE_SIGN_STYLE = Automatic;
				CURRENT_PROJECT_VERSION = 1;
				DEVELOPMENT_ASSET_PATHS = "\"BelajarSceneKit/Preview Content\"";
				DEVELOPMENT_TEAM = 4JFN55H5ZN;
				ENABLE_PREVIEWS = YES;
				GENERATE_INFOPLIST_FILE = YES;
				INFOPLIST_KEY_CFBundleDisplayName = "Cartalada AR";
				INFOPLIST_KEY_NSCameraUsageDescription = "Need camera access for AR experience";
				INFOPLIST_KEY_UIApplicationSupportsIndirectInputEvents = YES;
				INFOPLIST_KEY_UILaunchScreen_Generation = YES;
				INFOPLIST_KEY_UIRequiredDeviceCapabilities = arkit;
				INFOPLIST_KEY_UIStatusBarHidden = YES;
				INFOPLIST_KEY_UISupportedInterfaceOrientations = UIInterfaceOrientationPortrait;
				INFOPLIST_KEY_UISupportedInterfaceOrientations_iPad = "UIInterfaceOrientationLandscapeLeft UIInterfaceOrientationLandscapeRight UIInterfaceOrientationPortrait UIInterfaceOrientationPortraitUpsideDown";
				LD_RUNPATH_SEARCH_PATHS = (
					"$(inherited)",
					"@executable_path/Frameworks",
				);
				MARKETING_VERSION = 1.0;
				PRODUCT_BUNDLE_IDENTIFIER = com.danielniels.BelajarSceneKit;
				PRODUCT_NAME = "Cartalada AR";
				SWIFT_EMIT_LOC_STRINGS = YES;
				SWIFT_VERSION = 5.0;
				TARGETED_DEVICE_FAMILY = "1,2";
			};
			name = Release;
		};
/* End XCBuildConfiguration section */

/* Begin XCConfigurationList section */
		657737722A1AA57900B7A99E /* Build configuration list for PBXProject "BelajarSceneKit" */ = {
			isa = XCConfigurationList;
			buildConfigurations = (
				657737852A1AA57A00B7A99E /* Debug */,
				657737862A1AA57A00B7A99E /* Release */,
			);
			defaultConfigurationIsVisible = 0;
			defaultConfigurationName = Release;
		};
		657737872A1AA57A00B7A99E /* Build configuration list for PBXNativeTarget "BelajarSceneKit" */ = {
			isa = XCConfigurationList;
			buildConfigurations = (
				657737882A1AA57A00B7A99E /* Debug */,
				657737892A1AA57A00B7A99E /* Release */,
			);
			defaultConfigurationIsVisible = 0;
			defaultConfigurationName = Release;
		};
/* End XCConfigurationList section */
	};
	rootObject = 6577376F2A1AA57900B7A99E /* Project object */;
}
