// !$*UTF8*$!
{
	archiveVersion = 1;
	classes = {
	};
	objectVersion = 56;
	objects = {

/* Begin PBXBuildFile section */
		651498CE2B813D9600F0E70D /* CartaladaApp.swift in Sources */ = {isa = PBXBuildFile; fileRef = 651498CD2B813D9600F0E70D /* CartaladaApp.swift */; };
		651498D22B813DCD00F0E70D /* MainAppView.swift in Sources */ = {isa = PBXBuildFile; fileRef = 651498D12B813DCD00F0E70D /* MainAppView.swift */; };
		651498D52B813E7800F0E70D /* AppViewModel.swift in Sources */ = {isa = PBXBuildFile; fileRef = 651498D42B813E7800F0E70D /* AppViewModel.swift */; };
		651498D92B81612900F0E70D /* ChoosePaper.swift in Sources */ = {isa = PBXBuildFile; fileRef = 651498D82B81612900F0E70D /* ChoosePaper.swift */; };
		652706AA2B8299C100A189C6 /* planeblue.usdz in Resources */ = {isa = PBXBuildFile; fileRef = 652706A92B8299C100A189C6 /* planeblue.usdz */; };
		652706B12B829A2E00A189C6 /* planegreen.usdz in Resources */ = {isa = PBXBuildFile; fileRef = 652706AB2B829A2E00A189C6 /* planegreen.usdz */; };
		652706B22B829A2E00A189C6 /* planelightblue.usdz in Resources */ = {isa = PBXBuildFile; fileRef = 652706AC2B829A2E00A189C6 /* planelightblue.usdz */; };
		652706B32B829A2E00A189C6 /* planedefault.usdz in Resources */ = {isa = PBXBuildFile; fileRef = 652706AD2B829A2E00A189C6 /* planedefault.usdz */; };
		652706B42B829A2E00A189C6 /* planelightgreen.usdz in Resources */ = {isa = PBXBuildFile; fileRef = 652706AE2B829A2E00A189C6 /* planelightgreen.usdz */; };
		652706B52B829A2E00A189C6 /* planepink.usdz in Resources */ = {isa = PBXBuildFile; fileRef = 652706AF2B829A2E00A189C6 /* planepink.usdz */; };
		652706B62B829A2E00A189C6 /* planeyellow.usdz in Resources */ = {isa = PBXBuildFile; fileRef = 652706B02B829A2E00A189C6 /* planeyellow.usdz */; };
		652706B82B829AAE00A189C6 /* SelectPaperSizeView.swift in Sources */ = {isa = PBXBuildFile; fileRef = 652706B72B829AAE00A189C6 /* SelectPaperSizeView.swift */; };
		655674932B820BDC00B6CD4D /* Utils.swift in Sources */ = {isa = PBXBuildFile; fileRef = 655674922B820BDC00B6CD4D /* Utils.swift */; };
		655674952B82190C00B6CD4D /* PostedPaper.swift in Sources */ = {isa = PBXBuildFile; fileRef = 655674942B82190C00B6CD4D /* PostedPaper.swift */; };
		655947942A1ED32100D71942 /* Color+Ext.swift in Sources */ = {isa = PBXBuildFile; fileRef = 655947932A1ED32100D71942 /* Color+Ext.swift */; };
		656CEAB12A1FD166007E4166 /* SelectPaperView.swift in Sources */ = {isa = PBXBuildFile; fileRef = 656CEAB02A1FD166007E4166 /* SelectPaperView.swift */; };
		656CEAB32A1FD99E007E4166 /* WritePaperView.swift in Sources */ = {isa = PBXBuildFile; fileRef = 656CEAB22A1FD99E007E4166 /* WritePaperView.swift */; };
		656CEAC72A1FFF26007E4166 /* ARViewContainer.swift in Sources */ = {isa = PBXBuildFile; fileRef = 656CEAC62A1FFF26007E4166 /* ARViewContainer.swift */; };
		656CEAD72A200A94007E4166 /* CustomEntity.swift in Sources */ = {isa = PBXBuildFile; fileRef = 656CEAD62A200A94007E4166 /* CustomEntity.swift */; };
		657737812A1AA57A00B7A99E /* Assets.xcassets in Resources */ = {isa = PBXBuildFile; fileRef = 657737802A1AA57A00B7A99E /* Assets.xcassets */; };
		657737842A1AA57A00B7A99E /* Preview Assets.xcassets in Resources */ = {isa = PBXBuildFile; fileRef = 657737832A1AA57A00B7A99E /* Preview Assets.xcassets */; };
		65BBD0CB2A1BEC2400C7A204 /* ControlView.swift in Sources */ = {isa = PBXBuildFile; fileRef = 65BBD0CA2A1BEC2400C7A204 /* ControlView.swift */; };
/* End PBXBuildFile section */

/* Begin PBXFileReference section */
		651498CD2B813D9600F0E70D /* CartaladaApp.swift */ = {isa = PBXFileReference; lastKnownFileType = sourcecode.swift; path = CartaladaApp.swift; sourceTree = "<group>"; };
		651498D12B813DCD00F0E70D /* MainAppView.swift */ = {isa = PBXFileReference; lastKnownFileType = sourcecode.swift; path = MainAppView.swift; sourceTree = "<group>"; };
		651498D42B813E7800F0E70D /* AppViewModel.swift */ = {isa = PBXFileReference; lastKnownFileType = sourcecode.swift; path = AppViewModel.swift; sourceTree = "<group>"; };
		651498D82B81612900F0E70D /* ChoosePaper.swift */ = {isa = PBXFileReference; lastKnownFileType = sourcecode.swift; path = ChoosePaper.swift; sourceTree = "<group>"; };
		652706A92B8299C100A189C6 /* planeblue.usdz */ = {isa = PBXFileReference; lastKnownFileType = file.usdz; path = planeblue.usdz; sourceTree = "<group>"; };
		652706AB2B829A2E00A189C6 /* planegreen.usdz */ = {isa = PBXFileReference; lastKnownFileType = file.usdz; path = planegreen.usdz; sourceTree = "<group>"; };
		652706AC2B829A2E00A189C6 /* planelightblue.usdz */ = {isa = PBXFileReference; lastKnownFileType = file.usdz; path = planelightblue.usdz; sourceTree = "<group>"; };
		652706AD2B829A2E00A189C6 /* planedefault.usdz */ = {isa = PBXFileReference; lastKnownFileType = file.usdz; path = planedefault.usdz; sourceTree = "<group>"; };
		652706AE2B829A2E00A189C6 /* planelightgreen.usdz */ = {isa = PBXFileReference; lastKnownFileType = file.usdz; path = planelightgreen.usdz; sourceTree = "<group>"; };
		652706AF2B829A2E00A189C6 /* planepink.usdz */ = {isa = PBXFileReference; lastKnownFileType = file.usdz; path = planepink.usdz; sourceTree = "<group>"; };
		652706B02B829A2E00A189C6 /* planeyellow.usdz */ = {isa = PBXFileReference; lastKnownFileType = file.usdz; path = planeyellow.usdz; sourceTree = "<group>"; };
		652706B72B829AAE00A189C6 /* SelectPaperSizeView.swift */ = {isa = PBXFileReference; lastKnownFileType = sourcecode.swift; path = SelectPaperSizeView.swift; sourceTree = "<group>"; };
		655674922B820BDC00B6CD4D /* Utils.swift */ = {isa = PBXFileReference; lastKnownFileType = sourcecode.swift; path = Utils.swift; sourceTree = "<group>"; };
		655674942B82190C00B6CD4D /* PostedPaper.swift */ = {isa = PBXFileReference; lastKnownFileType = sourcecode.swift; path = PostedPaper.swift; sourceTree = "<group>"; };
		655947932A1ED32100D71942 /* Color+Ext.swift */ = {isa = PBXFileReference; lastKnownFileType = sourcecode.swift; path = "Color+Ext.swift"; sourceTree = "<group>"; };
		656CEAB02A1FD166007E4166 /* SelectPaperView.swift */ = {isa = PBXFileReference; lastKnownFileType = sourcecode.swift; path = SelectPaperView.swift; sourceTree = "<group>"; };
		656CEAB22A1FD99E007E4166 /* WritePaperView.swift */ = {isa = PBXFileReference; lastKnownFileType = sourcecode.swift; path = WritePaperView.swift; sourceTree = "<group>"; };
		656CEAC62A1FFF26007E4166 /* ARViewContainer.swift */ = {isa = PBXFileReference; lastKnownFileType = sourcecode.swift; path = ARViewContainer.swift; sourceTree = "<group>"; };
		656CEAD62A200A94007E4166 /* CustomEntity.swift */ = {isa = PBXFileReference; lastKnownFileType = sourcecode.swift; path = CustomEntity.swift; sourceTree = "<group>"; };
		657737772A1AA57900B7A99E /* Cartalada AR.app */ = {isa = PBXFileReference; explicitFileType = wrapper.application; includeInIndex = 0; path = "Cartalada AR.app"; sourceTree = BUILT_PRODUCTS_DIR; };
		657737802A1AA57A00B7A99E /* Assets.xcassets */ = {isa = PBXFileReference; lastKnownFileType = folder.assetcatalog; path = Assets.xcassets; sourceTree = "<group>"; };
		657737832A1AA57A00B7A99E /* Preview Assets.xcassets */ = {isa = PBXFileReference; lastKnownFileType = folder.assetcatalog; path = "Preview Assets.xcassets"; sourceTree = "<group>"; };
		65BBD0CA2A1BEC2400C7A204 /* ControlView.swift */ = {isa = PBXFileReference; lastKnownFileType = sourcecode.swift; path = ControlView.swift; sourceTree = "<group>"; };
/* End PBXFileReference section */

/* Begin PBXFrameworksBuildPhase section */
		657737742A1AA57900B7A99E /* Frameworks */ = {
			isa = PBXFrameworksBuildPhase;
			buildActionMask = 2147483647;
			files = (
			);
			runOnlyForDeploymentPostprocessing = 0;
		};
/* End PBXFrameworksBuildPhase section */

/* Begin PBXGroup section */
		651498D72B81610900F0E70D /* Models */ = {
			isa = PBXGroup;
			children = (
				656CEAD62A200A94007E4166 /* CustomEntity.swift */,
				651498D82B81612900F0E70D /* ChoosePaper.swift */,
				655674942B82190C00B6CD4D /* PostedPaper.swift */,
			);
			name = Models;
			path = __main/Models;
			sourceTree = "<group>";
		};
		652706A82B8299AE00A189C6 /* USDZ Assets */ = {
			isa = PBXGroup;
			children = (
				652706AD2B829A2E00A189C6 /* planedefault.usdz */,
				652706AB2B829A2E00A189C6 /* planegreen.usdz */,
				652706AC2B829A2E00A189C6 /* planelightblue.usdz */,
				652706AE2B829A2E00A189C6 /* planelightgreen.usdz */,
				652706AF2B829A2E00A189C6 /* planepink.usdz */,
				652706B02B829A2E00A189C6 /* planeyellow.usdz */,
				652706A92B8299C100A189C6 /* planeblue.usdz */,
			);
			path = "USDZ Assets";
			sourceTree = "<group>";
		};
		6577376E2A1AA57900B7A99E = {
			isa = PBXGroup;
			children = (
				657737792A1AA57900B7A99E /* BelajarSceneKit */,
				657737782A1AA57900B7A99E /* Products */,
			);
			sourceTree = "<group>";
		};
		657737782A1AA57900B7A99E /* Products */ = {
			isa = PBXGroup;
			children = (
				657737772A1AA57900B7A99E /* Cartalada AR.app */,
			);
			name = Products;
			sourceTree = "<group>";
		};
		657737792A1AA57900B7A99E /* BelajarSceneKit */ = {
			isa = PBXGroup;
			children = (
				652706A82B8299AE00A189C6 /* USDZ Assets */,
				651498CD2B813D9600F0E70D /* CartaladaApp.swift */,
				651498D42B813E7800F0E70D /* AppViewModel.swift */,
				65DD3AC32B82984200A01D0B /* Views */,
				651498D72B81610900F0E70D /* Models */,
				65DD3AC22B82984000A01D0B /* Misc */,
				657737802A1AA57A00B7A99E /* Assets.xcassets */,
				657737822A1AA57A00B7A99E /* Preview Content */,
			);
			path = BelajarSceneKit;
			sourceTree = "<group>";
		};
		657737822A1AA57A00B7A99E /* Preview Content */ = {
			isa = PBXGroup;
			children = (
				657737832A1AA57A00B7A99E /* Preview Assets.xcassets */,
			);
			path = "Preview Content";
			sourceTree = "<group>";
		};
		65DD3AC22B82984000A01D0B /* Misc */ = {
			isa = PBXGroup;
			children = (
				655674922B820BDC00B6CD4D /* Utils.swift */,
				655947932A1ED32100D71942 /* Color+Ext.swift */,
			);
			path = Misc;
			sourceTree = "<group>";
		};
		65DD3AC32B82984200A01D0B /* Views */ = {
			isa = PBXGroup;
			children = (
				651498D12B813DCD00F0E70D /* MainAppView.swift */,
				656CEAB02A1FD166007E4166 /* SelectPaperView.swift */,
				652706B72B829AAE00A189C6 /* SelectPaperSizeView.swift */,
				656CEAB22A1FD99E007E4166 /* WritePaperView.swift */,
				656CEAC62A1FFF26007E4166 /* ARViewContainer.swift */,
				65BBD0CA2A1BEC2400C7A204 /* ControlView.swift */,
			);
			path = Views;
			sourceTree = "<group>";
		};
/* End PBXGroup section */

/* Begin PBXNativeTarget section */
		657737762A1AA57900B7A99E /* BelajarSceneKit */ = {
			isa = PBXNativeTarget;
			buildConfigurationList = 657737872A1AA57A00B7A99E /* Build configuration list for PBXNativeTarget "BelajarSceneKit" */;
			buildPhases = (
				657737732A1AA57900B7A99E /* Sources */,
				657737742A1AA57900B7A99E /* Frameworks */,
				657737752A1AA57900B7A99E /* Resources */,
			);
			buildRules = (
			);
			dependencies = (
			);
			name = BelajarSceneKit;
			productName = BelajarSceneKit;
			productReference = 657737772A1AA57900B7A99E /* Cartalada AR.app */;
			productType = "com.apple.product-type.application";
		};
/* End PBXNativeTarget section */

/* Begin PBXProject section */
		6577376F2A1AA57900B7A99E /* Project object */ = {
			isa = PBXProject;
			attributes = {
				BuildIndependentTargetsInParallel = 1;
				LastSwiftUpdateCheck = 1430;
				LastUpgradeCheck = 1430;
				TargetAttributes = {
					657737762A1AA57900B7A99E = {
						CreatedOnToolsVersion = 14.3;
					};
				};
			};
			buildConfigurationList = 657737722A1AA57900B7A99E /* Build configuration list for PBXProject "BelajarSceneKit" */;
			compatibilityVersion = "Xcode 14.0";
			developmentRegion = en;
			hasScannedForEncodings = 0;
			knownRegions = (
				en,
				Base,
			);
			mainGroup = 6577376E2A1AA57900B7A99E;
			productRefGroup = 657737782A1AA57900B7A99E /* Products */;
			projectDirPath = "";
			projectRoot = "";
			targets = (
				657737762A1AA57900B7A99E /* BelajarSceneKit */,
			);
		};
/* End PBXProject section */

/* Begin PBXResourcesBuildPhase section */
		657737752A1AA57900B7A99E /* Resources */ = {
			isa = PBXResourcesBuildPhase;
			buildActionMask = 2147483647;
			files = (
				652706B42B829A2E00A189C6 /* planelightgreen.usdz in Resources */,
				652706B12B829A2E00A189C6 /* planegreen.usdz in Resources */,
				652706AA2B8299C100A189C6 /* planeblue.usdz in Resources */,
				652706B32B829A2E00A189C6 /* planedefault.usdz in Resources */,
				652706B52B829A2E00A189C6 /* planepink.usdz in Resources */,
				657737842A1AA57A00B7A99E /* Preview Assets.xcassets in Resources */,
				652706B22B829A2E00A189C6 /* planelightblue.usdz in Resources */,
				657737812A1AA57A00B7A99E /* Assets.xcassets in Resources */,
				652706B62B829A2E00A189C6 /* planeyellow.usdz in Resources */,
			);
			runOnlyForDeploymentPostprocessing = 0;
		};
/* End PBXResourcesBuildPhase section */

/* Begin PBXSourcesBuildPhase section */
		657737732A1AA57900B7A99E /* Sources */ = {
			isa = PBXSourcesBuildPhase;
			buildActionMask = 2147483647;
			files = (
				65BBD0CB2A1BEC2400C7A204 /* ControlView.swift in Sources */,
				656CEAB12A1FD166007E4166 /* SelectPaperView.swift in Sources */,
				656CEAD72A200A94007E4166 /* CustomEntity.swift in Sources */,
				651498CE2B813D9600F0E70D /* CartaladaApp.swift in Sources */,
				656CEAC72A1FFF26007E4166 /* ARViewContainer.swift in Sources */,
				655674952B82190C00B6CD4D /* PostedPaper.swift in Sources */,
				651498D52B813E7800F0E70D /* AppViewModel.swift in Sources */,
				656CEAB32A1FD99E007E4166 /* WritePaperView.swift in Sources */,
				651498D92B81612900F0E70D /* ChoosePaper.swift in Sources */,
				652706B82B829AAE00A189C6 /* SelectPaperSizeView.swift in Sources */,
				655947942A1ED32100D71942 /* Color+Ext.swift in Sources */,
				651498D22B813DCD00F0E70D /* MainAppView.swift in Sources */,
				655674932B820BDC00B6CD4D /* Utils.swift in Sources */,
			);
			runOnlyForDeploymentPostprocessing = 0;
		};
/* End PBXSourcesBuildPhase section */

/* Begin XCBuildConfiguration section */
		657737852A1AA57A00B7A99E /* Debug */ = {
			isa = XCBuildConfiguration;
			buildSettings = {
				ALWAYS_SEARCH_USER_PATHS = NO;
				CLANG_ANALYZER_NONNULL = YES;
				CLANG_ANALYZER_NUMBER_OBJECT_CONVERSION = YES_AGGRESSIVE;
				CLANG_CXX_LANGUAGE_STANDARD = "gnu++20";
				CLANG_ENABLE_MODULES = YES;
				CLANG_ENABLE_OBJC_ARC = YES;
				CLANG_ENABLE_OBJC_WEAK = YES;
				CLANG_WARN_BLOCK_CAPTURE_AUTORELEASING = YES;
				CLANG_WARN_BOOL_CONVERSION = YES;
				CLANG_WARN_COMMA = YES;
				CLANG_WARN_CONSTANT_CONVERSION = YES;
				CLANG_WARN_DEPRECATED_OBJC_IMPLEMENTATIONS = YES;
				CLANG_WARN_DIRECT_OBJC_ISA_USAGE = YES_ERROR;
				CLANG_WARN_DOCUMENTATION_COMMENTS = YES;
				CLANG_WARN_EMPTY_BODY = YES;
				CLANG_WARN_ENUM_CONVERSION = YES;
				CLANG_WARN_INFINITE_RECURSION = YES;
				CLANG_WARN_INT_CONVERSION = YES;
				CLANG_WARN_NON_LITERAL_NULL_CONVERSION = YES;
				CLANG_WARN_OBJC_IMPLICIT_RETAIN_SELF = YES;
				CLANG_WARN_OBJC_LITERAL_CONVERSION = YES;
				CLANG_WARN_OBJC_ROOT_CLASS = YES_ERROR;
				CLANG_WARN_QUOTED_INCLUDE_IN_FRAMEWORK_HEADER = YES;
				CLANG_WARN_RANGE_LOOP_ANALYSIS = YES;
				CLANG_WARN_STRICT_PROTOTYPES = YES;
				CLANG_WARN_SUSPICIOUS_MOVE = YES;
				CLANG_WARN_UNGUARDED_AVAILABILITY = YES_AGGRESSIVE;
				CLANG_WARN_UNREACHABLE_CODE = YES;
				CLANG_WARN__DUPLICATE_METHOD_MATCH = YES;
				COPY_PHASE_STRIP = NO;
				DEBUG_INFORMATION_FORMAT = dwarf;
				ENABLE_STRICT_OBJC_MSGSEND = YES;
				ENABLE_TESTABILITY = YES;
				GCC_C_LANGUAGE_STANDARD = gnu11;
				GCC_DYNAMIC_NO_PIC = NO;
				GCC_NO_COMMON_BLOCKS = YES;
				GCC_OPTIMIZATION_LEVEL = 0;
				GCC_PREPROCESSOR_DEFINITIONS = (
					"DEBUG=1",
					"$(inherited)",
				);
				GCC_WARN_64_TO_32_BIT_CONVERSION = YES;
				GCC_WARN_ABOUT_RETURN_TYPE = YES_ERROR;
				GCC_WARN_UNDECLARED_SELECTOR = YES;
				GCC_WARN_UNINITIALIZED_AUTOS = YES_AGGRESSIVE;
				GCC_WARN_UNUSED_FUNCTION = YES;
				GCC_WARN_UNUSED_VARIABLE = YES;
				IPHONEOS_DEPLOYMENT_TARGET = 16.4;
				MTL_ENABLE_DEBUG_INFO = INCLUDE_SOURCE;
				MTL_FAST_MATH = YES;
				ONLY_ACTIVE_ARCH = YES;
				PRODUCT_NAME = "Cartalada AR";
				SDKROOT = iphoneos;
				SWIFT_ACTIVE_COMPILATION_CONDITIONS = DEBUG;
				SWIFT_OPTIMIZATION_LEVEL = "-Onone";
			};
			name = Debug;
		};
		657737862A1AA57A00B7A99E /* Release */ = {
			isa = XCBuildConfiguration;
			buildSettings = {
				ALWAYS_SEARCH_USER_PATHS = NO;
				CLANG_ANALYZER_NONNULL = YES;
				CLANG_ANALYZER_NUMBER_OBJECT_CONVERSION = YES_AGGRESSIVE;
				CLANG_CXX_LANGUAGE_STANDARD = "gnu++20";
				CLANG_ENABLE_MODULES = YES;
				CLANG_ENABLE_OBJC_ARC = YES;
				CLANG_ENABLE_OBJC_WEAK = YES;
				CLANG_WARN_BLOCK_CAPTURE_AUTORELEASING = YES;
				CLANG_WARN_BOOL_CONVERSION = YES;
				CLANG_WARN_COMMA = YES;
				CLANG_WARN_CONSTANT_CONVERSION = YES;
				CLANG_WARN_DEPRECATED_OBJC_IMPLEMENTATIONS = YES;
				CLANG_WARN_DIRECT_OBJC_ISA_USAGE = YES_ERROR;
				CLANG_WARN_DOCUMENTATION_COMMENTS = YES;
				CLANG_WARN_EMPTY_BODY = YES;
				CLANG_WARN_ENUM_CONVERSION = YES;
				CLANG_WARN_INFINITE_RECURSION = YES;
				CLANG_WARN_INT_CONVERSION = YES;
				CLANG_WARN_NON_LITERAL_NULL_CONVERSION = YES;
				CLANG_WARN_OBJC_IMPLICIT_RETAIN_SELF = YES;
				CLANG_WARN_OBJC_LITERAL_CONVERSION = YES;
				CLANG_WARN_OBJC_ROOT_CLASS = YES_ERROR;
				CLANG_WARN_QUOTED_INCLUDE_IN_FRAMEWORK_HEADER = YES;
				CLANG_WARN_RANGE_LOOP_ANALYSIS = YES;
				CLANG_WARN_STRICT_PROTOTYPES = YES;
				CLANG_WARN_SUSPICIOUS_MOVE = YES;
				CLANG_WARN_UNGUARDED_AVAILABILITY = YES_AGGRESSIVE;
				CLANG_WARN_UNREACHABLE_CODE = YES;
				CLANG_WARN__DUPLICATE_METHOD_MATCH = YES;
				COPY_PHASE_STRIP = NO;
				DEBUG_INFORMATION_FORMAT = "dwarf-with-dsym";
				ENABLE_NS_ASSERTIONS = NO;
				ENABLE_STRICT_OBJC_MSGSEND = YES;
				GCC_C_LANGUAGE_STANDARD = gnu11;
				GCC_NO_COMMON_BLOCKS = YES;
				GCC_WARN_64_TO_32_BIT_CONVERSION = YES;
				GCC_WARN_ABOUT_RETURN_TYPE = YES_ERROR;
				GCC_WARN_UNDECLARED_SELECTOR = YES;
				GCC_WARN_UNINITIALIZED_AUTOS = YES_AGGRESSIVE;
				GCC_WARN_UNUSED_FUNCTION = YES;
				GCC_WARN_UNUSED_VARIABLE = YES;
				IPHONEOS_DEPLOYMENT_TARGET = 16.4;
				MTL_ENABLE_DEBUG_INFO = NO;
				MTL_FAST_MATH = YES;
				PRODUCT_NAME = "Cartalada AR";
				SDKROOT = iphoneos;
				SWIFT_COMPILATION_MODE = wholemodule;
				SWIFT_OPTIMIZATION_LEVEL = "-O";
				VALIDATE_PRODUCT = YES;
			};
			name = Release;
		};
		657737882A1AA57A00B7A99E /* Debug */ = {
			isa = XCBuildConfiguration;
			buildSettings = {
				ASSETCATALOG_COMPILER_APPICON_NAME = AppIcon;
				ASSETCATALOG_COMPILER_GLOBAL_ACCENT_COLOR_NAME = AccentColor;
				CODE_SIGN_STYLE = Automatic;
				CURRENT_PROJECT_VERSION = 1;
				DEVELOPMENT_ASSET_PATHS = "\"BelajarSceneKit/Preview Content\"";
				DEVELOPMENT_TEAM = 4JFN55H5ZN;
				ENABLE_PREVIEWS = YES;
				GENERATE_INFOPLIST_FILE = YES;
				INFOPLIST_KEY_CFBundleDisplayName = "Cartalada AR";
				INFOPLIST_KEY_NSCameraUsageDescription = "Need camera access for AR experience";
				INFOPLIST_KEY_UIApplicationSupportsIndirectInputEvents = YES;
				INFOPLIST_KEY_UILaunchScreen_Generation = YES;
				INFOPLIST_KEY_UIRequiredDeviceCapabilities = arkit;
				INFOPLIST_KEY_UIStatusBarHidden = YES;
				INFOPLIST_KEY_UISupportedInterfaceOrientations = UIInterfaceOrientationPortrait;
				INFOPLIST_KEY_UISupportedInterfaceOrientations_iPad = "UIInterfaceOrientationLandscapeLeft UIInterfaceOrientationLandscapeRight UIInterfaceOrientationPortrait UIInterfaceOrientationPortraitUpsideDown";
				LD_RUNPATH_SEARCH_PATHS = (
					"$(inherited)",
					"@executable_path/Frameworks",
				);
				MARKETING_VERSION = 1.0;
				PRODUCT_BUNDLE_IDENTIFIER = com.danielniels.BelajarSceneKit;
				PRODUCT_NAME = "Cartalada AR";
				SWIFT_EMIT_LOC_STRINGS = YES;
				SWIFT_VERSION = 5.0;
				TARGETED_DEVICE_FAMILY = "1,2";
			};
			name = Debug;
		};
		657737892A1AA57A00B7A99E /* Release */ = {
			isa = XCBuildConfiguration;
			buildSettings = {
				ASSETCATALOG_COMPILER_APPICON_NAME = AppIcon;
				ASSETCATALOG_COMPILER_GLOBAL_ACCENT_COLOR_NAME = AccentColor;
				CODE_SIGN_STYLE = Automatic;
				CURRENT_PROJECT_VERSION = 1;
				DEVELOPMENT_ASSET_PATHS = "\"BelajarSceneKit/Preview Content\"";
				DEVELOPMENT_TEAM = 4JFN55H5ZN;
				ENABLE_PREVIEWS = YES;
				GENERATE_INFOPLIST_FILE = YES;
				INFOPLIST_KEY_CFBundleDisplayName = "Cartalada AR";
				INFOPLIST_KEY_NSCameraUsageDescription = "Need camera access for AR experience";
				INFOPLIST_KEY_UIApplicationSupportsIndirectInputEvents = YES;
				INFOPLIST_KEY_UILaunchScreen_Generation = YES;
				INFOPLIST_KEY_UIRequiredDeviceCapabilities = arkit;
				INFOPLIST_KEY_UIStatusBarHidden = YES;
				INFOPLIST_KEY_UISupportedInterfaceOrientations = UIInterfaceOrientationPortrait;
				INFOPLIST_KEY_UISupportedInterfaceOrientations_iPad = "UIInterfaceOrientationLandscapeLeft UIInterfaceOrientationLandscapeRight UIInterfaceOrientationPortrait UIInterfaceOrientationPortraitUpsideDown";
				LD_RUNPATH_SEARCH_PATHS = (
					"$(inherited)",
					"@executable_path/Frameworks",
				);
				MARKETING_VERSION = 1.0;
				PRODUCT_BUNDLE_IDENTIFIER = com.danielniels.BelajarSceneKit;
				PRODUCT_NAME = "Cartalada AR";
				SWIFT_EMIT_LOC_STRINGS = YES;
				SWIFT_VERSION = 5.0;
				TARGETED_DEVICE_FAMILY = "1,2";
			};
			name = Release;
		};
/* End XCBuildConfiguration section */

/* Begin XCConfigurationList section */
		657737722A1AA57900B7A99E /* Build configuration list for PBXProject "BelajarSceneKit" */ = {
			isa = XCConfigurationList;
			buildConfigurations = (
				657737852A1AA57A00B7A99E /* Debug */,
				657737862A1AA57A00B7A99E /* Release */,
			);
			defaultConfigurationIsVisible = 0;
			defaultConfigurationName = Release;
		};
		657737872A1AA57A00B7A99E /* Build configuration list for PBXNativeTarget "BelajarSceneKit" */ = {
			isa = XCConfigurationList;
			buildConfigurations = (
				657737882A1AA57A00B7A99E /* Debug */,
				657737892A1AA57A00B7A99E /* Release */,
			);
			defaultConfigurationIsVisible = 0;
			defaultConfigurationName = Release;
		};
/* End XCConfigurationList section */
	};
	rootObject = 6577376F2A1AA57900B7A99E /* Project object */;
}
